
Microsoft Visual Studio Solution File, Format Version 12.00
# Visual Studio Version 17
VisualStudioVersion = 17.0.31903.59
MinimumVisualStudioVersion = 10.0.40219.1
Project("{2150E333-8FDC-42A3-9474-1A3956D46DE8}") = "src", "src", "{827E0CD3-B72D-47B6-A68D-7590B98EB39B}"
EndProject
Project("{FAE04EC0-301F-11D3-BF4B-00C04F79EFBC}") = "BusFire", "src\BusFire.csproj", "{BF2B1227-C789-45CE-BF12-EDD50021ECEB}"
EndProject
Project("{2150E333-8FDC-42A3-9474-1A3956D46DE8}") = "tests", "tests", "{0AB3BF05-4346-4AA6-1389-037BE0695223}"
EndProject
Project("{FAE04EC0-301F-11D3-BF4B-00C04F79EFBC}") = "BusFire.Tests", "tests\BusFire.Tests\BusFire.Tests.csproj", "{78E3819A-9DB3-456E-ADCB-691CD3678DEE}"
EndProject
Global
	GlobalSection(SolutionConfigurationPlatforms) = preSolution
		Debug|Any CPU = Debug|Any CPU
		Debug|x64 = Debug|x64
		Debug|x86 = Debug|x86
		Release|Any CPU = Release|Any CPU
		Release|x64 = Release|x64
		Release|x86 = Release|x86
	EndGlobalSection
	GlobalSection(ProjectConfigurationPlatforms) = postSolution
		{BF2B1227-C789-45CE-BF12-EDD50021ECEB}.Debug|Any CPU.ActiveCfg = Debug|Any CPU
		{BF2B1227-C789-45CE-BF12-EDD50021ECEB}.Debug|Any CPU.Build.0 = Debug|Any CPU
		{BF2B1227-C789-45CE-BF12-EDD50021ECEB}.Debug|x64.ActiveCfg = Debug|Any CPU
		{BF2B1227-C789-45CE-BF12-EDD50021ECEB}.Debug|x64.Build.0 = Debug|Any CPU
		{BF2B1227-C789-45CE-BF12-EDD50021ECEB}.Debug|x86.ActiveCfg = Debug|Any CPU
		{BF2B1227-C789-45CE-BF12-EDD50021ECEB}.Debug|x86.Build.0 = Debug|Any CPU
		{BF2B1227-C789-45CE-BF12-EDD50021ECEB}.Release|Any CPU.ActiveCfg = Release|Any CPU
		{BF2B1227-C789-45CE-BF12-EDD50021ECEB}.Release|Any CPU.Build.0 = Release|Any CPU
		{BF2B1227-C789-45CE-BF12-EDD50021ECEB}.Release|x64.ActiveCfg = Release|Any CPU
		{BF2B1227-C789-45CE-BF12-EDD50021ECEB}.Release|x64.Build.0 = Release|Any CPU
		{BF2B1227-C789-45CE-BF12-EDD50021ECEB}.Release|x86.ActiveCfg = Release|Any CPU
		{BF2B1227-C789-45CE-BF12-EDD50021ECEB}.Release|x86.Build.0 = Release|Any CPU
		{78E3819A-9DB3-456E-ADCB-691CD3678DEE}.Debug|Any CPU.ActiveCfg = Debug|Any CPU
		{78E3819A-9DB3-456E-ADCB-691CD3678DEE}.Debug|Any CPU.Build.0 = Debug|Any CPU
		{78E3819A-9DB3-456E-ADCB-691CD3678DEE}.Debug|x64.ActiveCfg = Debug|Any CPU
		{78E3819A-9DB3-456E-ADCB-691CD3678DEE}.Debug|x64.Build.0 = Debug|Any CPU
		{78E3819A-9DB3-456E-ADCB-691CD3678DEE}.Debug|x86.ActiveCfg = Debug|Any CPU
		{78E3819A-9DB3-456E-ADCB-691CD3678DEE}.Debug|x86.Build.0 = Debug|Any CPU
		{78E3819A-9DB3-456E-ADCB-691CD3678DEE}.Release|Any CPU.ActiveCfg = Release|Any CPU
		{78E3819A-9DB3-456E-ADCB-691CD3678DEE}.Release|Any CPU.Build.0 = Release|Any CPU
		{78E3819A-9DB3-456E-ADCB-691CD3678DEE}.Release|x64.ActiveCfg = Release|Any CPU
		{78E3819A-9DB3-456E-ADCB-691CD3678DEE}.Release|x64.Build.0 = Release|Any CPU
		{78E3819A-9DB3-456E-ADCB-691CD3678DEE}.Release|x86.ActiveCfg = Release|Any CPU
		{78E3819A-9DB3-456E-ADCB-691CD3678DEE}.Release|x86.Build.0 = Release|Any CPU
	EndGlobalSection
	GlobalSection(SolutionProperties) = preSolution
		HideSolutionNode = FALSE
	EndGlobalSection
	GlobalSection(NestedProjects) = preSolution
		{BF2B1227-C789-45CE-BF12-EDD50021ECEB} = {827E0CD3-B72D-47B6-A68D-7590B98EB39B}
		{78E3819A-9DB3-456E-ADCB-691CD3678DEE} = {0AB3BF05-4346-4AA6-1389-037BE0695223}
	EndGlobalSection
EndGlobal
